// !$*UTF8*$!
{
	archiveVersion = 1;
	classes = {
	};
	objectVersion = 51;
	objects = {

/* Begin PBXBuildFile section */
		25E9CFAC535D9D396E3567C6 /* Pods_TheStream.framework in Frameworks */ = {isa = PBXBuildFile; fileRef = A684E78AA6302711590C9D0C /* Pods_TheStream.framework */; };
		F17460DD2440EC340039684C /* ProfileView.swift in Sources */ = {isa = PBXBuildFile; fileRef = F17460DC2440EC340039684C /* ProfileView.swift */; };
		F17460DF2440ECE50039684C /* Account.swift in Sources */ = {isa = PBXBuildFile; fileRef = F17460DE2440ECE50039684C /* Account.swift */; };
		F1A860CF2444CA820089038E /* FeedItem.swift in Sources */ = {isa = PBXBuildFile; fileRef = F1A860CE2444CA820089038E /* FeedItem.swift */; };
		F1A860D12444D3C80089038E /* TimelineView.swift in Sources */ = {isa = PBXBuildFile; fileRef = F1A860D02444D3C80089038E /* TimelineView.swift */; };
		F1A860D32444E0950089038E /* PeopleView.swift in Sources */ = {isa = PBXBuildFile; fileRef = F1A860D22444E0950089038E /* PeopleView.swift */; };
		F1AD2CF5243CF4FE00C0840B /* AppDelegate.swift in Sources */ = {isa = PBXBuildFile; fileRef = F1AD2CF4243CF4FE00C0840B /* AppDelegate.swift */; };
		F1AD2CF7243CF4FE00C0840B /* SceneDelegate.swift in Sources */ = {isa = PBXBuildFile; fileRef = F1AD2CF6243CF4FE00C0840B /* SceneDelegate.swift */; };
		F1AD2CF9243CF4FE00C0840B /* ContentView.swift in Sources */ = {isa = PBXBuildFile; fileRef = F1AD2CF8243CF4FE00C0840B /* ContentView.swift */; };
		F1AD2CFB243CF4FE00C0840B /* Assets.xcassets in Resources */ = {isa = PBXBuildFile; fileRef = F1AD2CFA243CF4FE00C0840B /* Assets.xcassets */; };
		F1AD2CFE243CF4FE00C0840B /* Preview Assets.xcassets in Resources */ = {isa = PBXBuildFile; fileRef = F1AD2CFD243CF4FE00C0840B /* Preview Assets.xcassets */; };
		F1AD2D01243CF4FE00C0840B /* LaunchScreen.storyboard in Resources */ = {isa = PBXBuildFile; fileRef = F1AD2CFF243CF4FE00C0840B /* LaunchScreen.storyboard */; };
		F1B984F4243D159B001BCC5B /* FeedView.swift in Sources */ = {isa = PBXBuildFile; fileRef = F1B984F3243D159B001BCC5B /* FeedView.swift */; };
/* End PBXBuildFile section */

/* Begin PBXFileReference section */
		9C2F781C6F32C0D024D75E34 /* Pods-TheStream.release.xcconfig */ = {isa = PBXFileReference; includeInIndex = 1; lastKnownFileType = text.xcconfig; name = "Pods-TheStream.release.xcconfig"; path = "Target Support Files/Pods-TheStream/Pods-TheStream.release.xcconfig"; sourceTree = "<group>"; };
		A684E78AA6302711590C9D0C /* Pods_TheStream.framework */ = {isa = PBXFileReference; explicitFileType = wrapper.framework; includeInIndex = 0; path = Pods_TheStream.framework; sourceTree = BUILT_PRODUCTS_DIR; };
		B87368986132A7A04AA78A52 /* Pods-TheStream.debug.xcconfig */ = {isa = PBXFileReference; includeInIndex = 1; lastKnownFileType = text.xcconfig; name = "Pods-TheStream.debug.xcconfig"; path = "Target Support Files/Pods-TheStream/Pods-TheStream.debug.xcconfig"; sourceTree = "<group>"; };
		F17460DC2440EC340039684C /* ProfileView.swift */ = {isa = PBXFileReference; lastKnownFileType = sourcecode.swift; path = ProfileView.swift; sourceTree = "<group>"; };
		F17460DE2440ECE50039684C /* Account.swift */ = {isa = PBXFileReference; lastKnownFileType = sourcecode.swift; path = Account.swift; sourceTree = "<group>"; };
		F1A860CE2444CA820089038E /* FeedItem.swift */ = {isa = PBXFileReference; lastKnownFileType = sourcecode.swift; path = FeedItem.swift; sourceTree = "<group>"; };
		F1A860D02444D3C80089038E /* TimelineView.swift */ = {isa = PBXFileReference; lastKnownFileType = sourcecode.swift; path = TimelineView.swift; sourceTree = "<group>"; };
		F1A860D22444E0950089038E /* PeopleView.swift */ = {isa = PBXFileReference; lastKnownFileType = sourcecode.swift; path = PeopleView.swift; sourceTree = "<group>"; };
		F1AD2CF1243CF4FE00C0840B /* TheStream.app */ = {isa = PBXFileReference; explicitFileType = wrapper.application; includeInIndex = 0; path = TheStream.app; sourceTree = BUILT_PRODUCTS_DIR; };
		F1AD2CF4243CF4FE00C0840B /* AppDelegate.swift */ = {isa = PBXFileReference; lastKnownFileType = sourcecode.swift; path = AppDelegate.swift; sourceTree = "<group>"; };
		F1AD2CF6243CF4FE00C0840B /* SceneDelegate.swift */ = {isa = PBXFileReference; lastKnownFileType = sourcecode.swift; path = SceneDelegate.swift; sourceTree = "<group>"; };
		F1AD2CF8243CF4FE00C0840B /* ContentView.swift */ = {isa = PBXFileReference; lastKnownFileType = sourcecode.swift; path = ContentView.swift; sourceTree = "<group>"; };
		F1AD2CFA243CF4FE00C0840B /* Assets.xcassets */ = {isa = PBXFileReference; lastKnownFileType = folder.assetcatalog; path = Assets.xcassets; sourceTree = "<group>"; };
		F1AD2CFD243CF4FE00C0840B /* Preview Assets.xcassets */ = {isa = PBXFileReference; lastKnownFileType = folder.assetcatalog; path = "Preview Assets.xcassets"; sourceTree = "<group>"; };
		F1AD2D00243CF4FE00C0840B /* Base */ = {isa = PBXFileReference; lastKnownFileType = file.storyboard; name = Base; path = Base.lproj/LaunchScreen.storyboard; sourceTree = "<group>"; };
		F1AD2D02243CF4FE00C0840B /* Info.plist */ = {isa = PBXFileReference; lastKnownFileType = text.plist.xml; path = Info.plist; sourceTree = "<group>"; };
		F1B984F3243D159B001BCC5B /* FeedView.swift */ = {isa = PBXFileReference; lastKnownFileType = sourcecode.swift; path = FeedView.swift; sourceTree = "<group>"; };
/* End PBXFileReference section */

/* Begin PBXFrameworksBuildPhase section */
		F1AD2CEE243CF4FE00C0840B /* Frameworks */ = {
			isa = PBXFrameworksBuildPhase;
			buildActionMask = 2147483647;
			files = (
				25E9CFAC535D9D396E3567C6 /* Pods_TheStream.framework in Frameworks */,
			);
			runOnlyForDeploymentPostprocessing = 0;
		};
/* End PBXFrameworksBuildPhase section */

/* Begin PBXGroup section */
		EFD10F3459E3CEA41B6608F9 /* Frameworks */ = {
			isa = PBXGroup;
			children = (
				A684E78AA6302711590C9D0C /* Pods_TheStream.framework */,
			);
			name = Frameworks;
			sourceTree = "<group>";
		};
		F1AD2CE8243CF4FE00C0840B = {
			isa = PBXGroup;
			children = (
				F1AD2CF3243CF4FE00C0840B /* TheStream */,
				F1AD2CF2243CF4FE00C0840B /* Products */,
				FA790A033D64C9DE71B63E9B /* Pods */,
				EFD10F3459E3CEA41B6608F9 /* Frameworks */,
			);
			sourceTree = "<group>";
		};
		F1AD2CF2243CF4FE00C0840B /* Products */ = {
			isa = PBXGroup;
			children = (
				F1AD2CF1243CF4FE00C0840B /* TheStream.app */,
			);
			name = Products;
			sourceTree = "<group>";
		};
		F1AD2CF3243CF4FE00C0840B /* TheStream */ = {
			isa = PBXGroup;
			children = (
				F1AD2CF4243CF4FE00C0840B /* AppDelegate.swift */,
				F1AD2CF6243CF4FE00C0840B /* SceneDelegate.swift */,
				F1AD2CF8243CF4FE00C0840B /* ContentView.swift */,
				F1B984F3243D159B001BCC5B /* FeedView.swift */,
				F17460DC2440EC340039684C /* ProfileView.swift */,
				F17460DE2440ECE50039684C /* Account.swift */,
				F1A860CE2444CA820089038E /* FeedItem.swift */,
				F1A860D02444D3C80089038E /* TimelineView.swift */,
				F1A860D22444E0950089038E /* PeopleView.swift */,
				F1AD2CFA243CF4FE00C0840B /* Assets.xcassets */,
				F1AD2CFF243CF4FE00C0840B /* LaunchScreen.storyboard */,
				F1AD2D02243CF4FE00C0840B /* Info.plist */,
				F1AD2CFC243CF4FE00C0840B /* Preview Content */,
			);
			path = TheStream;
			sourceTree = "<group>";
		};
		F1AD2CFC243CF4FE00C0840B /* Preview Content */ = {
			isa = PBXGroup;
			children = (
				F1AD2CFD243CF4FE00C0840B /* Preview Assets.xcassets */,
			);
			path = "Preview Content";
			sourceTree = "<group>";
		};
		FA790A033D64C9DE71B63E9B /* Pods */ = {
			isa = PBXGroup;
			children = (
				B87368986132A7A04AA78A52 /* Pods-TheStream.debug.xcconfig */,
				9C2F781C6F32C0D024D75E34 /* Pods-TheStream.release.xcconfig */,
			);
			path = Pods;
			sourceTree = "<group>";
		};
/* End PBXGroup section */

/* Begin PBXNativeTarget section */
		F1AD2CF0243CF4FE00C0840B /* TheStream */ = {
			isa = PBXNativeTarget;
			buildConfigurationList = F1AD2D05243CF4FE00C0840B /* Build configuration list for PBXNativeTarget "TheStream" */;
			buildPhases = (
				72E1C07E10C792D2F86DE7C3 /* [CP] Check Pods Manifest.lock */,
				F1AD2CED243CF4FE00C0840B /* Sources */,
				F1AD2CEE243CF4FE00C0840B /* Frameworks */,
				F1AD2CEF243CF4FE00C0840B /* Resources */,
				7D34F11358235CE7A8793673 /* [CP] Embed Pods Frameworks */,
			);
			buildRules = (
			);
			dependencies = (
			);
			name = TheStream;
			productName = TheStream;
			productReference = F1AD2CF1243CF4FE00C0840B /* TheStream.app */;
			productType = "com.apple.product-type.application";
		};
/* End PBXNativeTarget section */

/* Begin PBXProject section */
		F1AD2CE9243CF4FE00C0840B /* Project object */ = {
			isa = PBXProject;
			attributes = {
				LastSwiftUpdateCheck = 1140;
				LastUpgradeCheck = 1140;
				ORGANIZATIONNAME = "Stream.io Inc";
				TargetAttributes = {
					F1AD2CF0243CF4FE00C0840B = {
						CreatedOnToolsVersion = 11.4;
					};
				};
			};
			buildConfigurationList = F1AD2CEC243CF4FE00C0840B /* Build configuration list for PBXProject "TheStream" */;
			compatibilityVersion = "Xcode 9.3";
			developmentRegion = en;
			hasScannedForEncodings = 0;
			knownRegions = (
				en,
				Base,
			);
			mainGroup = F1AD2CE8243CF4FE00C0840B;
			productRefGroup = F1AD2CF2243CF4FE00C0840B /* Products */;
			projectDirPath = "";
			projectRoot = "";
			targets = (
				F1AD2CF0243CF4FE00C0840B /* TheStream */,
			);
		};
/* End PBXProject section */

/* Begin PBXResourcesBuildPhase section */
		F1AD2CEF243CF4FE00C0840B /* Resources */ = {
			isa = PBXResourcesBuildPhase;
			buildActionMask = 2147483647;
			files = (
				F1AD2D01243CF4FE00C0840B /* LaunchScreen.storyboard in Resources */,
				F1AD2CFE243CF4FE00C0840B /* Preview Assets.xcassets in Resources */,
				F1AD2CFB243CF4FE00C0840B /* Assets.xcassets in Resources */,
			);
			runOnlyForDeploymentPostprocessing = 0;
		};
/* End PBXResourcesBuildPhase section */

/* Begin PBXShellScriptBuildPhase section */
		72E1C07E10C792D2F86DE7C3 /* [CP] Check Pods Manifest.lock */ = {
			isa = PBXShellScriptBuildPhase;
			buildActionMask = 2147483647;
			files = (
			);
			inputFileListPaths = (
			);
			inputPaths = (
				"${PODS_PODFILE_DIR_PATH}/Podfile.lock",
				"${PODS_ROOT}/Manifest.lock",
			);
			name = "[CP] Check Pods Manifest.lock";
			outputFileListPaths = (
			);
			outputPaths = (
				"$(DERIVED_FILE_DIR)/Pods-TheStream-checkManifestLockResult.txt",
			);
			runOnlyForDeploymentPostprocessing = 0;
			shellPath = /bin/sh;
			shellScript = "diff \"${PODS_PODFILE_DIR_PATH}/Podfile.lock\" \"${PODS_ROOT}/Manifest.lock\" > /dev/null\nif [ $? != 0 ] ; then\n    # print error to STDERR\n    echo \"error: The sandbox is not in sync with the Podfile.lock. Run 'pod install' or update your CocoaPods installation.\" >&2\n    exit 1\nfi\n# This output is used by Xcode 'outputs' to avoid re-running this script phase.\necho \"SUCCESS\" > \"${SCRIPT_OUTPUT_FILE_0}\"\n";
			showEnvVarsInLog = 0;
		};
		7D34F11358235CE7A8793673 /* [CP] Embed Pods Frameworks */ = {
			isa = PBXShellScriptBuildPhase;
			buildActionMask = 2147483647;
			files = (
			);
			inputFileListPaths = (
				"${PODS_ROOT}/Target Support Files/Pods-TheStream/Pods-TheStream-frameworks-${CONFIGURATION}-input-files.xcfilelist",
			);
			name = "[CP] Embed Pods Frameworks";
			outputFileListPaths = (
				"${PODS_ROOT}/Target Support Files/Pods-TheStream/Pods-TheStream-frameworks-${CONFIGURATION}-output-files.xcfilelist",
			);
			runOnlyForDeploymentPostprocessing = 0;
			shellPath = /bin/sh;
			shellScript = "\"${PODS_ROOT}/Target Support Files/Pods-TheStream/Pods-TheStream-frameworks.sh\"\n";
			showEnvVarsInLog = 0;
		};
/* End PBXShellScriptBuildPhase section */

/* Begin PBXSourcesBuildPhase section */
		F1AD2CED243CF4FE00C0840B /* Sources */ = {
			isa = PBXSourcesBuildPhase;
			buildActionMask = 2147483647;
			files = (
				F1B984F4243D159B001BCC5B /* FeedView.swift in Sources */,
				F1AD2CF5243CF4FE00C0840B /* AppDelegate.swift in Sources */,
				F1A860D32444E0950089038E /* PeopleView.swift in Sources */,
				F17460DD2440EC340039684C /* ProfileView.swift in Sources */,
				F1AD2CF7243CF4FE00C0840B /* SceneDelegate.swift in Sources */,
				F1AD2CF9243CF4FE00C0840B /* ContentView.swift in Sources */,
				F1A860CF2444CA820089038E /* FeedItem.swift in Sources */,
				F17460DF2440ECE50039684C /* Account.swift in Sources */,
				F1A860D12444D3C80089038E /* TimelineView.swift in Sources */,
			);
			runOnlyForDeploymentPostprocessing = 0;
		};
/* End PBXSourcesBuildPhase section */

/* Begin PBXVariantGroup section */
		F1AD2CFF243CF4FE00C0840B /* LaunchScreen.storyboard */ = {
			isa = PBXVariantGroup;
			children = (
				F1AD2D00243CF4FE00C0840B /* Base */,
			);
			name = LaunchScreen.storyboard;
			sourceTree = "<group>";
		};
/* End PBXVariantGroup section */

/* Begin XCBuildConfiguration section */
		F1AD2D03243CF4FE00C0840B /* Debug */ = {
			isa = XCBuildConfiguration;
			buildSettings = {
				ALWAYS_SEARCH_USER_PATHS = NO;
				CLANG_ANALYZER_NONNULL = YES;
				CLANG_ANALYZER_NUMBER_OBJECT_CONVERSION = YES_AGGRESSIVE;
				CLANG_CXX_LANGUAGE_STANDARD = "gnu++14";
				CLANG_CXX_LIBRARY = "libc++";
				CLANG_ENABLE_MODULES = YES;
				CLANG_ENABLE_OBJC_ARC = YES;
				CLANG_ENABLE_OBJC_WEAK = YES;
				CLANG_WARN_BLOCK_CAPTURE_AUTORELEASING = YES;
				CLANG_WARN_BOOL_CONVERSION = YES;
				CLANG_WARN_COMMA = YES;
				CLANG_WARN_CONSTANT_CONVERSION = YES;
				CLANG_WARN_DEPRECATED_OBJC_IMPLEMENTATIONS = YES;
				CLANG_WARN_DIRECT_OBJC_ISA_USAGE = YES_ERROR;
				CLANG_WARN_DOCUMENTATION_COMMENTS = YES;
				CLANG_WARN_EMPTY_BODY = YES;
				CLANG_WARN_ENUM_CONVERSION = YES;
				CLANG_WARN_INFINITE_RECURSION = YES;
				CLANG_WARN_INT_CONVERSION = YES;
				CLANG_WARN_NON_LITERAL_NULL_CONVERSION = YES;
				CLANG_WARN_OBJC_IMPLICIT_RETAIN_SELF = YES;
				CLANG_WARN_OBJC_LITERAL_CONVERSION = YES;
				CLANG_WARN_OBJC_ROOT_CLASS = YES_ERROR;
				CLANG_WARN_RANGE_LOOP_ANALYSIS = YES;
				CLANG_WARN_STRICT_PROTOTYPES = YES;
				CLANG_WARN_SUSPICIOUS_MOVE = YES;
				CLANG_WARN_UNGUARDED_AVAILABILITY = YES_AGGRESSIVE;
				CLANG_WARN_UNREACHABLE_CODE = YES;
				CLANG_WARN__DUPLICATE_METHOD_MATCH = YES;
				COPY_PHASE_STRIP = NO;
				DEBUG_INFORMATION_FORMAT = dwarf;
				ENABLE_STRICT_OBJC_MSGSEND = YES;
				ENABLE_TESTABILITY = YES;
				GCC_C_LANGUAGE_STANDARD = gnu11;
				GCC_DYNAMIC_NO_PIC = NO;
				GCC_NO_COMMON_BLOCKS = YES;
				GCC_OPTIMIZATION_LEVEL = 0;
				GCC_PREPROCESSOR_DEFINITIONS = (
					"DEBUG=1",
					"$(inherited)",
				);
				GCC_WARN_64_TO_32_BIT_CONVERSION = YES;
				GCC_WARN_ABOUT_RETURN_TYPE = YES_ERROR;
				GCC_WARN_UNDECLARED_SELECTOR = YES;
				GCC_WARN_UNINITIALIZED_AUTOS = YES_AGGRESSIVE;
				GCC_WARN_UNUSED_FUNCTION = YES;
				GCC_WARN_UNUSED_VARIABLE = YES;
				IPHONEOS_DEPLOYMENT_TARGET = 13.4;
				MTL_ENABLE_DEBUG_INFO = INCLUDE_SOURCE;
				MTL_FAST_MATH = YES;
				ONLY_ACTIVE_ARCH = YES;
				SDKROOT = iphoneos;
				SWIFT_ACTIVE_COMPILATION_CONDITIONS = DEBUG;
				SWIFT_OPTIMIZATION_LEVEL = "-Onone";
			};
			name = Debug;
		};
		F1AD2D04243CF4FE00C0840B /* Release */ = {
			isa = XCBuildConfiguration;
			buildSettings = {
				ALWAYS_SEARCH_USER_PATHS = NO;
				CLANG_ANALYZER_NONNULL = YES;
				CLANG_ANALYZER_NUMBER_OBJECT_CONVERSION = YES_AGGRESSIVE;
				CLANG_CXX_LANGUAGE_STANDARD = "gnu++14";
				CLANG_CXX_LIBRARY = "libc++";
				CLANG_ENABLE_MODULES = YES;
				CLANG_ENABLE_OBJC_ARC = YES;
				CLANG_ENABLE_OBJC_WEAK = YES;
				CLANG_WARN_BLOCK_CAPTURE_AUTORELEASING = YES;
				CLANG_WARN_BOOL_CONVERSION = YES;
				CLANG_WARN_COMMA = YES;
				CLANG_WARN_CONSTANT_CONVERSION = YES;
				CLANG_WARN_DEPRECATED_OBJC_IMPLEMENTATIONS = YES;
				CLANG_WARN_DIRECT_OBJC_ISA_USAGE = YES_ERROR;
				CLANG_WARN_DOCUMENTATION_COMMENTS = YES;
				CLANG_WARN_EMPTY_BODY = YES;
				CLANG_WARN_ENUM_CONVERSION = YES;
				CLANG_WARN_INFINITE_RECURSION = YES;
				CLANG_WARN_INT_CONVERSION = YES;
				CLANG_WARN_NON_LITERAL_NULL_CONVERSION = YES;
				CLANG_WARN_OBJC_IMPLICIT_RETAIN_SELF = YES;
				CLANG_WARN_OBJC_LITERAL_CONVERSION = YES;
				CLANG_WARN_OBJC_ROOT_CLASS = YES_ERROR;
				CLANG_WARN_RANGE_LOOP_ANALYSIS = YES;
				CLANG_WARN_STRICT_PROTOTYPES = YES;
				CLANG_WARN_SUSPICIOUS_MOVE = YES;
				CLANG_WARN_UNGUARDED_AVAILABILITY = YES_AGGRESSIVE;
				CLANG_WARN_UNREACHABLE_CODE = YES;
				CLANG_WARN__DUPLICATE_METHOD_MATCH = YES;
				COPY_PHASE_STRIP = NO;
				DEBUG_INFORMATION_FORMAT = "dwarf-with-dsym";
				ENABLE_NS_ASSERTIONS = NO;
				ENABLE_STRICT_OBJC_MSGSEND = YES;
				GCC_C_LANGUAGE_STANDARD = gnu11;
				GCC_NO_COMMON_BLOCKS = YES;
				GCC_WARN_64_TO_32_BIT_CONVERSION = YES;
				GCC_WARN_ABOUT_RETURN_TYPE = YES_ERROR;
				GCC_WARN_UNDECLARED_SELECTOR = YES;
				GCC_WARN_UNINITIALIZED_AUTOS = YES_AGGRESSIVE;
				GCC_WARN_UNUSED_FUNCTION = YES;
				GCC_WARN_UNUSED_VARIABLE = YES;
				IPHONEOS_DEPLOYMENT_TARGET = 13.4;
				MTL_ENABLE_DEBUG_INFO = NO;
				MTL_FAST_MATH = YES;
				SDKROOT = iphoneos;
				SWIFT_COMPILATION_MODE = wholemodule;
				SWIFT_OPTIMIZATION_LEVEL = "-O";
				VALIDATE_PRODUCT = YES;
			};
			name = Release;
		};
		F1AD2D06243CF4FE00C0840B /* Debug */ = {
			isa = XCBuildConfiguration;
			baseConfigurationReference = B87368986132A7A04AA78A52 /* Pods-TheStream.debug.xcconfig */;
			buildSettings = {
				ASSETCATALOG_COMPILER_APPICON_NAME = AppIcon;
				CODE_SIGN_STYLE = Automatic;
				DEVELOPMENT_ASSET_PATHS = "\"TheStream/Preview Content\"";
				ENABLE_PREVIEWS = YES;
				INFOPLIST_FILE = TheStream/Info.plist;
				LD_RUNPATH_SEARCH_PATHS = (
					"$(inherited)",
					"@executable_path/Frameworks",
				);
				PRODUCT_BUNDLE_IDENTIFIER = io.getstream.TheStream;
				PRODUCT_NAME = "$(TARGET_NAME)";
				SWIFT_VERSION = 5.0;
				TARGETED_DEVICE_FAMILY = "1,2";
			};
			name = Debug;
		};
		F1AD2D07243CF4FE00C0840B /* Release */ = {
			isa = XCBuildConfiguration;
			baseConfigurationReference = 9C2F781C6F32C0D024D75E34 /* Pods-TheStream.release.xcconfig */;
			buildSettings = {
				ASSETCATALOG_COMPILER_APPICON_NAME = AppIcon;
				CODE_SIGN_STYLE = Automatic;
				DEVELOPMENT_ASSET_PATHS = "\"TheStream/Preview Content\"";
				ENABLE_PREVIEWS = YES;
				INFOPLIST_FILE = TheStream/Info.plist;
				LD_RUNPATH_SEARCH_PATHS = (
					"$(inherited)",
					"@executable_path/Frameworks",
				);
				PRODUCT_BUNDLE_IDENTIFIER = io.getstream.TheStream;
				PRODUCT_NAME = "$(TARGET_NAME)";
				SWIFT_VERSION = 5.0;
				TARGETED_DEVICE_FAMILY = "1,2";
			};
			name = Release;
		};
/* End XCBuildConfiguration section */

/* Begin XCConfigurationList section */
		F1AD2CEC243CF4FE00C0840B /* Build configuration list for PBXProject "TheStream" */ = {
			isa = XCConfigurationList;
			buildConfigurations = (
				F1AD2D03243CF4FE00C0840B /* Debug */,
				F1AD2D04243CF4FE00C0840B /* Release */,
			);
			defaultConfigurationIsVisible = 0;
			defaultConfigurationName = Release;
		};
		F1AD2D05243CF4FE00C0840B /* Build configuration list for PBXNativeTarget "TheStream" */ = {
			isa = XCConfigurationList;
			buildConfigurations = (
				F1AD2D06243CF4FE00C0840B /* Debug */,
				F1AD2D07243CF4FE00C0840B /* Release */,
			);
			defaultConfigurationIsVisible = 0;
			defaultConfigurationName = Release;
		};
/* End XCConfigurationList section */
	};
	rootObject = F1AD2CE9243CF4FE00C0840B /* Project object */;
}
